{
	"name": "packwiz-website",
	"version": "1.0.0",
	"lockfileVersion": 2,
	"requires": true,
	"packages": {
		"": {
			"name": "packwiz-website",
			"version": "1.0.0",
			"license": "ISC",
			"dependencies": {
				"@material-design-icons/svg": "^0.14.2",
				"js-yaml": "^4.1.0",
				"kleur": "^4.1.4",
				"lightningcss": "^1.18.0"
			},
			"devDependencies": {
				"prettier": "^2.4.1"
			}
		},
		"node_modules/@material-design-icons/svg": {
			"version": "0.14.2",
			"resolved": "https://registry.npmjs.org/@material-design-icons/svg/-/svg-0.14.2.tgz",
			"integrity": "sha512-QjAzZmqV+7VI8+0eONVYBvSSlytpR+QQ/elT+YADoYq7R5Tc7kU1PaR0xOrEhwMR9MYK2yhUXqXymP8QY01ehg=="
		},
		"node_modules/argparse": {
			"version": "2.0.1",
			"resolved": "https://registry.npmjs.org/argparse/-/argparse-2.0.1.tgz",
			"integrity": "sha512-8+9WqebbFzpX9OR+Wa6O29asIogeRMzcGtAINdpMHHyAg10f05aSFVBbcEqGf/PXw1EjAZ+q2/bEBg3DvurK3Q=="
		},
		"node_modules/detect-libc": {
			"version": "1.0.3",
			"resolved": "https://registry.npmjs.org/detect-libc/-/detect-libc-1.0.3.tgz",
			"integrity": "sha512-pGjwhsmsp4kL2RTz08wcOlGN83otlqHeD/Z5T8GXZB+/YcpQ/dgo+lbU8ZsGxV0HIvqqxo9l7mqYwyYMD9bKDg==",
			"bin": {
				"detect-libc": "bin/detect-libc.js"
			},
			"engines": {
				"node": ">=0.10"
			}
		},
		"node_modules/js-yaml": {
			"version": "4.1.0",
			"resolved": "https://registry.npmjs.org/js-yaml/-/js-yaml-4.1.0.tgz",
			"integrity": "sha512-wpxZs9NoxZaJESJGIZTyDEaYpl0FKSA+FB9aJiyemKhMwkxQg63h4T1KJgUGHpTqPDNRcmmYLugrRjJlBtWvRA==",
			"dependencies": {
				"argparse": "^2.0.1"
			},
			"bin": {
				"js-yaml": "bin/js-yaml.js"
			}
		},
		"node_modules/kleur": {
			"version": "4.1.4",
			"resolved": "https://registry.npmjs.org/kleur/-/kleur-4.1.4.tgz",
			"integrity": "sha512-8QADVssbrFjivHWQU7KkMgptGTl6WAcSdlbBPY4uNF+mWr6DGcKrvY2w4FQJoXch7+fKMjj0dRrL75vk3k23OA==",
			"engines": {
				"node": ">=6"
			}
		},
		"node_modules/lightningcss": {
			"version": "1.18.0",
			"resolved": "https://registry.npmjs.org/lightningcss/-/lightningcss-1.18.0.tgz",
			"integrity": "sha512-uk10tNxi5fhZqU93vtYiQgx/8a9f0Kvtj5AXIm+VlOXY+t/DWDmCZWJEkZJmmALgvbS6aAW8or+Kq85eJ6TDTw==",
			"dependencies": {
				"detect-libc": "^1.0.3"
			},
			"engines": {
				"node": ">= 12.0.0"
			},
			"funding": {
				"type": "opencollective",
				"url": "https://opencollective.com/parcel"
			},
			"optionalDependencies": {
				"lightningcss-darwin-arm64": "1.18.0",
				"lightningcss-darwin-x64": "1.18.0",
				"lightningcss-linux-arm-gnueabihf": "1.18.0",
				"lightningcss-linux-arm64-gnu": "1.18.0",
				"lightningcss-linux-arm64-musl": "1.18.0",
				"lightningcss-linux-x64-gnu": "1.18.0",
				"lightningcss-linux-x64-musl": "1.18.0",
				"lightningcss-win32-x64-msvc": "1.18.0"
			}
		},
		"node_modules/lightningcss-darwin-arm64": {
			"version": "1.18.0",
			"resolved": "https://registry.npmjs.org/lightningcss-darwin-arm64/-/lightningcss-darwin-arm64-1.18.0.tgz",
			"integrity": "sha512-OqjydwtiNPgdH1ByIjA1YzqvDG/OMR6L3LPN6wRl1729LB0y4Mik7L06kmZaTb+pvUHr+NmDd2KCwnlrQ4zO3w==",
			"cpu": [
				"arm64"
			],
			"optional": true,
			"os": [
				"darwin"
			],
			"engines": {
				"node": ">= 12.0.0"
			},
			"funding": {
				"type": "opencollective",
				"url": "https://opencollective.com/parcel"
			}
		},
		"node_modules/lightningcss-darwin-x64": {
			"version": "1.18.0",
			"resolved": "https://registry.npmjs.org/lightningcss-darwin-x64/-/lightningcss-darwin-x64-1.18.0.tgz",
			"integrity": "sha512-mNiuPHj89/JHZmJMp+5H8EZSt6EL5DZRWJ31O6k3DrLLnRIQjXuXdDdN8kP7LoIkeWI5xvyD60CsReJm+YWYAw==",
			"cpu": [
				"x64"
			],
			"optional": true,
			"os": [
				"darwin"
			],
			"engines": {
				"node": ">= 12.0.0"
			},
			"funding": {
				"type": "opencollective",
				"url": "https://opencollective.com/parcel"
			}
		},
		"node_modules/lightningcss-linux-arm-gnueabihf": {
			"version": "1.18.0",
			"resolved": "https://registry.npmjs.org/lightningcss-linux-arm-gnueabihf/-/lightningcss-linux-arm-gnueabihf-1.18.0.tgz",
			"integrity": "sha512-S+25JjI6601HiAVoTDXW6SqH+E94a+FHA7WQqseyNHunOgVWKcAkNEc2LJvVxgwTq6z41sDIb9/M3Z9wa9lk4A==",
			"cpu": [
				"arm"
			],
			"optional": true,
			"os": [
				"linux"
			],
			"engines": {
				"node": ">= 12.0.0"
			},
			"funding": {
				"type": "opencollective",
				"url": "https://opencollective.com/parcel"
			}
		},
		"node_modules/lightningcss-linux-arm64-gnu": {
			"version": "1.18.0",
			"resolved": "https://registry.npmjs.org/lightningcss-linux-arm64-gnu/-/lightningcss-linux-arm64-gnu-1.18.0.tgz",
			"integrity": "sha512-JSqh4+21dCgBecIQUet35dtE4PhhSEMyqe3y0ZNQrAJQ5kyUPSQHiw81WXnPJcOSTTpG0TyMLiC8K//+BsFGQA==",
			"cpu": [
				"arm64"
			],
			"optional": true,
			"os": [
				"linux"
			],
			"engines": {
				"node": ">= 12.0.0"
			},
			"funding": {
				"type": "opencollective",
				"url": "https://opencollective.com/parcel"
			}
		},
		"node_modules/lightningcss-linux-arm64-musl": {
			"version": "1.18.0",
			"resolved": "https://registry.npmjs.org/lightningcss-linux-arm64-musl/-/lightningcss-linux-arm64-musl-1.18.0.tgz",
			"integrity": "sha512-2FWHa8iUhShnZnqhn2wfIcK5adJat9hAAaX7etNsoXJymlliDIOFuBQEsba2KBAZSM4QqfQtvRdR7m8i0I7ybQ==",
			"cpu": [
				"arm64"
			],
			"optional": true,
			"os": [
				"linux"
			],
			"engines": {
				"node": ">= 12.0.0"
			},
			"funding": {
				"type": "opencollective",
				"url": "https://opencollective.com/parcel"
			}
		},
		"node_modules/lightningcss-linux-x64-gnu": {
			"version": "1.18.0",
			"resolved": "https://registry.npmjs.org/lightningcss-linux-x64-gnu/-/lightningcss-linux-x64-gnu-1.18.0.tgz",
			"integrity": "sha512-plCPGQJtDZHcLVKVRLnQVF2XRsIC32WvuJhQ7fJ7F6BV98b/VZX0OlX05qUaOESD9dCDHjYSfxsgcvOKgCWh7A==",
			"cpu": [
				"x64"
			],
			"optional": true,
			"os": [
				"linux"
			],
			"engines": {
				"node": ">= 12.0.0"
			},
			"funding": {
				"type": "opencollective",
				"url": "https://opencollective.com/parcel"
			}
		},
		"node_modules/lightningcss-linux-x64-musl": {
			"version": "1.18.0",
			"resolved": "https://registry.npmjs.org/lightningcss-linux-x64-musl/-/lightningcss-linux-x64-musl-1.18.0.tgz",
			"integrity": "sha512-na+BGtVU6fpZvOHKhnlA0XHeibkT3/46nj6vLluG3kzdJYoBKU6dIl7DSOk++8jv4ybZyFJ0aOFMMSc8g2h58A==",
			"cpu": [
				"x64"
			],
			"optional": true,
			"os": [
				"linux"
			],
			"engines": {
				"node": ">= 12.0.0"
			},
			"funding": {
				"type": "opencollective",
				"url": "https://opencollective.com/parcel"
			}
		},
		"node_modules/lightningcss-win32-x64-msvc": {
			"version": "1.18.0",
			"resolved": "https://registry.npmjs.org/lightningcss-win32-x64-msvc/-/lightningcss-win32-x64-msvc-1.18.0.tgz",
			"integrity": "sha512-5qeAH4RMNy2yMNEl7e5TI6upt/7xD2ZpHWH4RkT8iJ7/6POS5mjHbXWUO9Q1hhDhqkdzGa76uAdMzEouIeCyNw==",
			"cpu": [
				"x64"
			],
			"optional": true,
			"os": [
				"win32"
			],
			"engines": {
				"node": ">= 12.0.0"
			},
			"funding": {
				"type": "opencollective",
				"url": "https://opencollective.com/parcel"
			}
		},
		"node_modules/prettier": {
			"version": "2.4.1",
			"resolved": "https://registry.npmjs.org/prettier/-/prettier-2.4.1.tgz",
			"integrity": "sha512-9fbDAXSBcc6Bs1mZrDYb3XKzDLm4EXXL9sC1LqKP5rZkT6KRr/rf9amVUcODVXgguK/isJz0d0hP72WeaKWsvA==",
			"dev": true,
			"bin": {
				"prettier": "bin-prettier.js"
			},
			"engines": {
				"node": ">=10.13.0"
			}
		}
	},
	"dependencies": {
		"@material-design-icons/svg": {
			"version": "0.14.2",
			"resolved": "https://registry.npmjs.org/@material-design-icons/svg/-/svg-0.14.2.tgz",
			"integrity": "sha512-QjAzZmqV+7VI8+0eONVYBvSSlytpR+QQ/elT+YADoYq7R5Tc7kU1PaR0xOrEhwMR9MYK2yhUXqXymP8QY01ehg=="
		},
		"argparse": {
			"version": "2.0.1",
			"resolved": "https://registry.npmjs.org/argparse/-/argparse-2.0.1.tgz",
			"integrity": "sha512-8+9WqebbFzpX9OR+Wa6O29asIogeRMzcGtAINdpMHHyAg10f05aSFVBbcEqGf/PXw1EjAZ+q2/bEBg3DvurK3Q=="
		},
		"detect-libc": {
			"version": "1.0.3",
			"resolved": "https://registry.npmjs.org/detect-libc/-/detect-libc-1.0.3.tgz",
			"integrity": "sha512-pGjwhsmsp4kL2RTz08wcOlGN83otlqHeD/Z5T8GXZB+/YcpQ/dgo+lbU8ZsGxV0HIvqqxo9l7mqYwyYMD9bKDg=="
		},
		"js-yaml": {
			"version": "4.1.0",
			"resolved": "https://registry.npmjs.org/js-yaml/-/js-yaml-4.1.0.tgz",
			"integrity": "sha512-wpxZs9NoxZaJESJGIZTyDEaYpl0FKSA+FB9aJiyemKhMwkxQg63h4T1KJgUGHpTqPDNRcmmYLugrRjJlBtWvRA==",
			"requires": {
				"argparse": "^2.0.1"
			}
		},
		"kleur": {
			"version": "4.1.4",
			"resolved": "https://registry.npmjs.org/kleur/-/kleur-4.1.4.tgz",
			"integrity": "sha512-8QADVssbrFjivHWQU7KkMgptGTl6WAcSdlbBPY4uNF+mWr6DGcKrvY2w4FQJoXch7+fKMjj0dRrL75vk3k23OA=="
		},
		"lightningcss": {
			"version": "1.18.0",
			"resolved": "https://registry.npmjs.org/lightningcss/-/lightningcss-1.18.0.tgz",
			"integrity": "sha512-uk10tNxi5fhZqU93vtYiQgx/8a9f0Kvtj5AXIm+VlOXY+t/DWDmCZWJEkZJmmALgvbS6aAW8or+Kq85eJ6TDTw==",
			"requires": {
				"detect-libc": "^1.0.3",
				"lightningcss-darwin-arm64": "1.18.0",
				"lightningcss-darwin-x64": "1.18.0",
				"lightningcss-linux-arm-gnueabihf": "1.18.0",
				"lightningcss-linux-arm64-gnu": "1.18.0",
				"lightningcss-linux-arm64-musl": "1.18.0",
				"lightningcss-linux-x64-gnu": "1.18.0",
				"lightningcss-linux-x64-musl": "1.18.0",
				"lightningcss-win32-x64-msvc": "1.18.0"
			}
		},
		"lightningcss-darwin-arm64": {
			"version": "1.18.0",
			"resolved": "https://registry.npmjs.org/lightningcss-darwin-arm64/-/lightningcss-darwin-arm64-1.18.0.tgz",
			"integrity": "sha512-OqjydwtiNPgdH1ByIjA1YzqvDG/OMR6L3LPN6wRl1729LB0y4Mik7L06kmZaTb+pvUHr+NmDd2KCwnlrQ4zO3w==",
			"optional": true
		},
		"lightningcss-darwin-x64": {
			"version": "1.18.0",
			"resolved": "https://registry.npmjs.org/lightningcss-darwin-x64/-/lightningcss-darwin-x64-1.18.0.tgz",
			"integrity": "sha512-mNiuPHj89/JHZmJMp+5H8EZSt6EL5DZRWJ31O6k3DrLLnRIQjXuXdDdN8kP7LoIkeWI5xvyD60CsReJm+YWYAw==",
			"optional": true
		},
		"lightningcss-linux-arm-gnueabihf": {
			"version": "1.18.0",
			"resolved": "https://registry.npmjs.org/lightningcss-linux-arm-gnueabihf/-/lightningcss-linux-arm-gnueabihf-1.18.0.tgz",
			"integrity": "sha512-S+25JjI6601HiAVoTDXW6SqH+E94a+FHA7WQqseyNHunOgVWKcAkNEc2LJvVxgwTq6z41sDIb9/M3Z9wa9lk4A==",
			"optional": true
		},
		"lightningcss-linux-arm64-gnu": {
			"version": "1.18.0",
			"resolved": "https://registry.npmjs.org/lightningcss-linux-arm64-gnu/-/lightningcss-linux-arm64-gnu-1.18.0.tgz",
			"integrity": "sha512-JSqh4+21dCgBecIQUet35dtE4PhhSEMyqe3y0ZNQrAJQ5kyUPSQHiw81WXnPJcOSTTpG0TyMLiC8K//+BsFGQA==",
			"optional": true
		},
		"lightningcss-linux-arm64-musl": {
			"version": "1.18.0",
			"resolved": "https://registry.npmjs.org/lightningcss-linux-arm64-musl/-/lightningcss-linux-arm64-musl-1.18.0.tgz",
			"integrity": "sha512-2FWHa8iUhShnZnqhn2wfIcK5adJat9hAAaX7etNsoXJymlliDIOFuBQEsba2KBAZSM4QqfQtvRdR7m8i0I7ybQ==",
			"optional": true
		},
		"lightningcss-linux-x64-gnu": {
			"version": "1.18.0",
			"resolved": "https://registry.npmjs.org/lightningcss-linux-x64-gnu/-/lightningcss-linux-x64-gnu-1.18.0.tgz",
			"integrity": "sha512-plCPGQJtDZHcLVKVRLnQVF2XRsIC32WvuJhQ7fJ7F6BV98b/VZX0OlX05qUaOESD9dCDHjYSfxsgcvOKgCWh7A==",
			"optional": true
		},
		"lightningcss-linux-x64-musl": {
			"version": "1.18.0",
			"resolved": "https://registry.npmjs.org/lightningcss-linux-x64-musl/-/lightningcss-linux-x64-musl-1.18.0.tgz",
			"integrity": "sha512-na+BGtVU6fpZvOHKhnlA0XHeibkT3/46nj6vLluG3kzdJYoBKU6dIl7DSOk++8jv4ybZyFJ0aOFMMSc8g2h58A==",
			"optional": true
		},
		"lightningcss-win32-x64-msvc": {
			"version": "1.18.0",
			"resolved": "https://registry.npmjs.org/lightningcss-win32-x64-msvc/-/lightningcss-win32-x64-msvc-1.18.0.tgz",
			"integrity": "sha512-5qeAH4RMNy2yMNEl7e5TI6upt/7xD2ZpHWH4RkT8iJ7/6POS5mjHbXWUO9Q1hhDhqkdzGa76uAdMzEouIeCyNw==",
			"optional": true
		},
		"prettier": {
			"version": "2.4.1",
			"resolved": "https://registry.npmjs.org/prettier/-/prettier-2.4.1.tgz",
			"integrity": "sha512-9fbDAXSBcc6Bs1mZrDYb3XKzDLm4EXXL9sC1LqKP5rZkT6KRr/rf9amVUcODVXgguK/isJz0d0hP72WeaKWsvA==",
			"dev": true
		}
	}
}
